// !$*UTF8*$!
{
	archiveVersion = 1;
	classes = {
	};
	objectVersion = 77;
	objects = {

/* Begin PBXBuildFile section */
		CA920D9F2E7E1DE900B99641 /* AudioFileManager.swift in Sources */ = {isa = PBXBuildFile; fileRef = CA920D972E7E1DE900B99641 /* AudioFileManager.swift */; };
		CA920DA02E7E1DE900B99641 /* AudioRecorderApp.swift in Sources */ = {isa = PBXBuildFile; fileRef = CA920D992E7E1DE900B99641 /* AudioRecorderApp.swift */; };
		CA920DA12E7E1DE900B99641 /* AudioRecorderViewModel.swift in Sources */ = {isa = PBXBuildFile; fileRef = CA920D9A2E7E1DE900B99641 /* AudioRecorderViewModel.swift */; };
		CA920DA22E7E1DE900B99641 /* AudioTool.swift in Sources */ = {isa = PBXBuildFile; fileRef = CA920D9B2E7E1DE900B99641 /* AudioTool.swift */; };
		CA920DA32E7E1DE900B99641 /* AudioRecorderView.swift in Sources */ = {isa = PBXBuildFile; fileRef = CA920D9C2E7E1DE900B99641 /* AudioRecorderView.swift */; };
		CA920DA42E7E1DE900B99641 /* SegmentAudioWriter.swift in Sources */ = {isa = PBXBuildFile; fileRef = CA920D9D2E7E1DE900B99641 /* SegmentAudioWriter.swift */; };
		CA920DA52E7E1DE900B99641 /* Assets.xcassets in Resources */ = {isa = PBXBuildFile; fileRef = CA920D962E7E1DE900B99641 /* Assets.xcassets */; };
		CA920DAC2E7E273100B99641 /* DependenciesManager.swift in Sources */ = {isa = PBXBuildFile; fileRef = CA920DAB2E7E272400B99641 /* DependenciesManager.swift */; };
		CA9BFA022E806D0C000FC0EC /* AudioPlayer.swift in Sources */ = {isa = PBXBuildFile; fileRef = CA9BFA012E806D06000FC0EC /* AudioPlayer.swift */; };
/* End PBXBuildFile section */

/* Begin PBXFileReference section */
		CA920D962E7E1DE900B99641 /* Assets.xcassets */ = {isa = PBXFileReference; lastKnownFileType = folder.assetcatalog; path = Assets.xcassets; sourceTree = "<group>"; };
		CA920D972E7E1DE900B99641 /* AudioFileManager.swift */ = {isa = PBXFileReference; lastKnownFileType = sourcecode.swift; path = AudioFileManager.swift; sourceTree = "<group>"; };
		CA920D982E7E1DE900B99641 /* AudioRecorder.entitlements */ = {isa = PBXFileReference; lastKnownFileType = text.plist.entitlements; path = AudioRecorder.entitlements; sourceTree = "<group>"; };
		CA920D992E7E1DE900B99641 /* AudioRecorderApp.swift */ = {isa = PBXFileReference; lastKnownFileType = sourcecode.swift; path = AudioRecorderApp.swift; sourceTree = "<group>"; };
		CA920D9A2E7E1DE900B99641 /* AudioRecorderViewModel.swift */ = {isa = PBXFileReference; lastKnownFileType = sourcecode.swift; path = AudioRecorderViewModel.swift; sourceTree = "<group>"; };
		CA920D9B2E7E1DE900B99641 /* AudioTool.swift */ = {isa = PBXFileReference; lastKnownFileType = sourcecode.swift; path = AudioTool.swift; sourceTree = "<group>"; };
		CA920D9C2E7E1DE900B99641 /* AudioRecorderView.swift */ = {isa = PBXFileReference; lastKnownFileType = sourcecode.swift; path = AudioRecorderView.swift; sourceTree = "<group>"; };
		CA920D9D2E7E1DE900B99641 /* SegmentAudioWriter.swift */ = {isa = PBXFileReference; lastKnownFileType = sourcecode.swift; path = SegmentAudioWriter.swift; sourceTree = "<group>"; };
		CA920DAB2E7E272400B99641 /* DependenciesManager.swift */ = {isa = PBXFileReference; lastKnownFileType = sourcecode.swift; path = DependenciesManager.swift; sourceTree = "<group>"; };
		CA9BFA012E806D06000FC0EC /* AudioPlayer.swift */ = {isa = PBXFileReference; lastKnownFileType = sourcecode.swift; path = AudioPlayer.swift; sourceTree = "<group>"; };
		CAF9ECD42E7AFD5E00B085A1 /* AudioRecorder.app */ = {isa = PBXFileReference; explicitFileType = wrapper.application; includeInIndex = 0; path = AudioRecorder.app; sourceTree = BUILT_PRODUCTS_DIR; };
/* End PBXFileReference section */

/* Begin PBXFrameworksBuildPhase section */
		CAF9ECD12E7AFD5E00B085A1 /* Frameworks */ = {
			isa = PBXFrameworksBuildPhase;
			buildActionMask = 2147483647;
			files = (
			);
			runOnlyForDeploymentPostprocessing = 0;
		};
/* End PBXFrameworksBuildPhase section */

/* Begin PBXGroup section */
		CA920D9E2E7E1DE900B99641 /* AudioRecorder */ = {
			isa = PBXGroup;
			children = (
				CA920DA72E7E24B400B99641 /* Resources */,
				CA920DA82E7E24CE00B99641 /* Utility */,
				CA920DAA2E7E252C00B99641 /* MainScreen */,
				CA920DA62E7E249A00B99641 /* MainApp */,
			);
			path = AudioRecorder;
			sourceTree = "<group>";
		};
		CA920DA62E7E249A00B99641 /* MainApp */ = {
			isa = PBXGroup;
			children = (
				CA920DAB2E7E272400B99641 /* DependenciesManager.swift */,
				CA920D992E7E1DE900B99641 /* AudioRecorderApp.swift */,
			);
			path = MainApp;
			sourceTree = "<group>";
		};
		CA920DA72E7E24B400B99641 /* Resources */ = {
			isa = PBXGroup;
			children = (
				CA920D962E7E1DE900B99641 /* Assets.xcassets */,
				CA920D982E7E1DE900B99641 /* AudioRecorder.entitlements */,
			);
			path = Resources;
			sourceTree = "<group>";
		};
		CA920DA82E7E24CE00B99641 /* Utility */ = {
			isa = PBXGroup;
			children = (
				CA920D9B2E7E1DE900B99641 /* AudioTool.swift */,
				CA9BFA012E806D06000FC0EC /* AudioPlayer.swift */,
				CA920D972E7E1DE900B99641 /* AudioFileManager.swift */,
				CA920D9D2E7E1DE900B99641 /* SegmentAudioWriter.swift */,
			);
			path = Utility;
			sourceTree = "<group>";
		};
		CA920DA92E7E251A00B99641 /* ViewModel */ = {
			isa = PBXGroup;
			children = (
				CA920D9A2E7E1DE900B99641 /* AudioRecorderViewModel.swift */,
			);
			path = ViewModel;
			sourceTree = "<group>";
		};
		CA920DAA2E7E252C00B99641 /* MainScreen */ = {
			isa = PBXGroup;
			children = (
				CA920DA92E7E251A00B99641 /* ViewModel */,
				CA920D9C2E7E1DE900B99641 /* AudioRecorderView.swift */,
			);
			path = MainScreen;
			sourceTree = "<group>";
		};
		CAF9ECCB2E7AFD5E00B085A1 = {
			isa = PBXGroup;
			children = (
				CA920D9E2E7E1DE900B99641 /* AudioRecorder */,
				CAF9ECD52E7AFD5E00B085A1 /* Products */,
			);
			sourceTree = "<group>";
		};
		CAF9ECD52E7AFD5E00B085A1 /* Products */ = {
			isa = PBXGroup;
			children = (
				CAF9ECD42E7AFD5E00B085A1 /* AudioRecorder.app */,
			);
			name = Products;
			sourceTree = "<group>";
		};
/* End PBXGroup section */

/* Begin PBXNativeTarget section */
		CAF9ECD32E7AFD5E00B085A1 /* AudioRecorder */ = {
			isa = PBXNativeTarget;
			buildConfigurationList = CAF9ECE02E7AFD5F00B085A1 /* Build configuration list for PBXNativeTarget "AudioRecorder" */;
			buildPhases = (
				CAF9ECD02E7AFD5E00B085A1 /* Sources */,
				CAF9ECD12E7AFD5E00B085A1 /* Frameworks */,
				CAF9ECD22E7AFD5E00B085A1 /* Resources */,
			);
			buildRules = (
			);
			dependencies = (
			);
			name = AudioRecorder;
			packageProductDependencies = (
			);
			productName = AudioRecorder;
			productReference = CAF9ECD42E7AFD5E00B085A1 /* AudioRecorder.app */;
			productType = "com.apple.product-type.application";
		};
/* End PBXNativeTarget section */

/* Begin PBXProject section */
		CAF9ECCC2E7AFD5E00B085A1 /* Project object */ = {
			isa = PBXProject;
			attributes = {
				BuildIndependentTargetsInParallel = 1;
				LastSwiftUpdateCheck = 1640;
				LastUpgradeCheck = 2600;
				TargetAttributes = {
					CAF9ECD32E7AFD5E00B085A1 = {
						CreatedOnToolsVersion = 16.4;
					};
				};
			};
			buildConfigurationList = CAF9ECCF2E7AFD5E00B085A1 /* Build configuration list for PBXProject "AudioRecorder" */;
			developmentRegion = en;
			hasScannedForEncodings = 0;
			knownRegions = (
				en,
				Base,
			);
			mainGroup = CAF9ECCB2E7AFD5E00B085A1;
			minimizedProjectReferenceProxies = 1;
			packageReferences = (
			);
			preferredProjectObjectVersion = 77;
			productRefGroup = CAF9ECD52E7AFD5E00B085A1 /* Products */;
			projectDirPath = "";
			projectRoot = "";
			targets = (
				CAF9ECD32E7AFD5E00B085A1 /* AudioRecorder */,
			);
		};
/* End PBXProject section */

/* Begin PBXResourcesBuildPhase section */
		CAF9ECD22E7AFD5E00B085A1 /* Resources */ = {
			isa = PBXResourcesBuildPhase;
			buildActionMask = 2147483647;
			files = (
				CA920DA52E7E1DE900B99641 /* Assets.xcassets in Resources */,
			);
			runOnlyForDeploymentPostprocessing = 0;
		};
/* End PBXResourcesBuildPhase section */

/* Begin PBXSourcesBuildPhase section */
		CAF9ECD02E7AFD5E00B085A1 /* Sources */ = {
			isa = PBXSourcesBuildPhase;
			buildActionMask = 2147483647;
			files = (
				CA920D9F2E7E1DE900B99641 /* AudioFileManager.swift in Sources */,
				CA920DAC2E7E273100B99641 /* DependenciesManager.swift in Sources */,
				CA920DA02E7E1DE900B99641 /* AudioRecorderApp.swift in Sources */,
				CA9BFA022E806D0C000FC0EC /* AudioPlayer.swift in Sources */,
				CA920DA12E7E1DE900B99641 /* AudioRecorderViewModel.swift in Sources */,
				CA920DA22E7E1DE900B99641 /* AudioTool.swift in Sources */,
				CA920DA32E7E1DE900B99641 /* AudioRecorderView.swift in Sources */,
				CA920DA42E7E1DE900B99641 /* SegmentAudioWriter.swift in Sources */,
			);
			runOnlyForDeploymentPostprocessing = 0;
		};
/* End PBXSourcesBuildPhase section */

/* Begin XCBuildConfiguration section */
		CAF9ECDE2E7AFD5F00B085A1 /* Debug */ = {
			isa = XCBuildConfiguration;
			buildSettings = {
				ALWAYS_SEARCH_USER_PATHS = NO;
				ASSETCATALOG_COMPILER_GENERATE_SWIFT_ASSET_SYMBOL_EXTENSIONS = YES;
				CLANG_ANALYZER_NONNULL = YES;
				CLANG_ANALYZER_NUMBER_OBJECT_CONVERSION = YES_AGGRESSIVE;
				CLANG_CXX_LANGUAGE_STANDARD = "gnu++20";
				CLANG_ENABLE_MODULES = YES;
				CLANG_ENABLE_OBJC_ARC = YES;
				CLANG_ENABLE_OBJC_WEAK = YES;
				CLANG_WARN_BLOCK_CAPTURE_AUTORELEASING = YES;
				CLANG_WARN_BOOL_CONVERSION = YES;
				CLANG_WARN_COMMA = YES;
				CLANG_WARN_CONSTANT_CONVERSION = YES;
				CLANG_WARN_DEPRECATED_OBJC_IMPLEMENTATIONS = YES;
				CLANG_WARN_DIRECT_OBJC_ISA_USAGE = YES_ERROR;
				CLANG_WARN_DOCUMENTATION_COMMENTS = YES;
				CLANG_WARN_EMPTY_BODY = YES;
				CLANG_WARN_ENUM_CONVERSION = YES;
				CLANG_WARN_INFINITE_RECURSION = YES;
				CLANG_WARN_INT_CONVERSION = YES;
				CLANG_WARN_NON_LITERAL_NULL_CONVERSION = YES;
				CLANG_WARN_OBJC_IMPLICIT_RETAIN_SELF = YES;
				CLANG_WARN_OBJC_LITERAL_CONVERSION = YES;
				CLANG_WARN_OBJC_ROOT_CLASS = YES_ERROR;
				CLANG_WARN_QUOTED_INCLUDE_IN_FRAMEWORK_HEADER = YES;
				CLANG_WARN_RANGE_LOOP_ANALYSIS = YES;
				CLANG_WARN_STRICT_PROTOTYPES = YES;
				CLANG_WARN_SUSPICIOUS_MOVE = YES;
				CLANG_WARN_UNGUARDED_AVAILABILITY = YES_AGGRESSIVE;
				CLANG_WARN_UNREACHABLE_CODE = YES;
				CLANG_WARN__DUPLICATE_METHOD_MATCH = YES;
				COPY_PHASE_STRIP = NO;
				DEAD_CODE_STRIPPING = YES;
				DEBUG_INFORMATION_FORMAT = dwarf;
				ENABLE_STRICT_OBJC_MSGSEND = YES;
				ENABLE_TESTABILITY = YES;
				ENABLE_USER_SCRIPT_SANDBOXING = YES;
				GCC_C_LANGUAGE_STANDARD = gnu17;
				GCC_DYNAMIC_NO_PIC = NO;
				GCC_NO_COMMON_BLOCKS = YES;
				GCC_OPTIMIZATION_LEVEL = 0;
				GCC_PREPROCESSOR_DEFINITIONS = (
					"DEBUG=1",
					"$(inherited)",
				);
				GCC_WARN_64_TO_32_BIT_CONVERSION = YES;
				GCC_WARN_ABOUT_RETURN_TYPE = YES_ERROR;
				GCC_WARN_UNDECLARED_SELECTOR = YES;
				GCC_WARN_UNINITIALIZED_AUTOS = YES_AGGRESSIVE;
				GCC_WARN_UNUSED_FUNCTION = YES;
				GCC_WARN_UNUSED_VARIABLE = YES;
				LOCALIZATION_PREFERS_STRING_CATALOGS = YES;
				MACOSX_DEPLOYMENT_TARGET = 14.6;
				MTL_ENABLE_DEBUG_INFO = INCLUDE_SOURCE;
				MTL_FAST_MATH = YES;
				ONLY_ACTIVE_ARCH = YES;
				SDKROOT = macosx;
				STRING_CATALOG_GENERATE_SYMBOLS = YES;
				SWIFT_ACTIVE_COMPILATION_CONDITIONS = "DEBUG $(inherited)";
				SWIFT_OPTIMIZATION_LEVEL = "-Onone";
				SWIFT_VERSION = 6.0;
			};
			name = Debug;
		};
		CAF9ECDF2E7AFD5F00B085A1 /* Release */ = {
			isa = XCBuildConfiguration;
			buildSettings = {
				ALWAYS_SEARCH_USER_PATHS = NO;
				ASSETCATALOG_COMPILER_GENERATE_SWIFT_ASSET_SYMBOL_EXTENSIONS = YES;
				CLANG_ANALYZER_NONNULL = YES;
				CLANG_ANALYZER_NUMBER_OBJECT_CONVERSION = YES_AGGRESSIVE;
				CLANG_CXX_LANGUAGE_STANDARD = "gnu++20";
				CLANG_ENABLE_MODULES = YES;
				CLANG_ENABLE_OBJC_ARC = YES;
				CLANG_ENABLE_OBJC_WEAK = YES;
				CLANG_WARN_BLOCK_CAPTURE_AUTORELEASING = YES;
				CLANG_WARN_BOOL_CONVERSION = YES;
				CLANG_WARN_COMMA = YES;
				CLANG_WARN_CONSTANT_CONVERSION = YES;
				CLANG_WARN_DEPRECATED_OBJC_IMPLEMENTATIONS = YES;
				CLANG_WARN_DIRECT_OBJC_ISA_USAGE = YES_ERROR;
				CLANG_WARN_DOCUMENTATION_COMMENTS = YES;
				CLANG_WARN_EMPTY_BODY = YES;
				CLANG_WARN_ENUM_CONVERSION = YES;
				CLANG_WARN_INFINITE_RECURSION = YES;
				CLANG_WARN_INT_CONVERSION = YES;
				CLANG_WARN_NON_LITERAL_NULL_CONVERSION = YES;
				CLANG_WARN_OBJC_IMPLICIT_RETAIN_SELF = YES;
				CLANG_WARN_OBJC_LITERAL_CONVERSION = YES;
				CLANG_WARN_OBJC_ROOT_CLASS = YES_ERROR;
				CLANG_WARN_QUOTED_INCLUDE_IN_FRAMEWORK_HEADER = YES;
				CLANG_WARN_RANGE_LOOP_ANALYSIS = YES;
				CLANG_WARN_STRICT_PROTOTYPES = YES;
				CLANG_WARN_SUSPICIOUS_MOVE = YES;
				CLANG_WARN_UNGUARDED_AVAILABILITY = YES_AGGRESSIVE;
				CLANG_WARN_UNREACHABLE_CODE = YES;
				CLANG_WARN__DUPLICATE_METHOD_MATCH = YES;
				COPY_PHASE_STRIP = NO;
				DEAD_CODE_STRIPPING = YES;
				DEBUG_INFORMATION_FORMAT = "dwarf-with-dsym";
				ENABLE_NS_ASSERTIONS = NO;
				ENABLE_STRICT_OBJC_MSGSEND = YES;
				ENABLE_USER_SCRIPT_SANDBOXING = YES;
				GCC_C_LANGUAGE_STANDARD = gnu17;
				GCC_NO_COMMON_BLOCKS = YES;
				GCC_WARN_64_TO_32_BIT_CONVERSION = YES;
				GCC_WARN_ABOUT_RETURN_TYPE = YES_ERROR;
				GCC_WARN_UNDECLARED_SELECTOR = YES;
				GCC_WARN_UNINITIALIZED_AUTOS = YES_AGGRESSIVE;
				GCC_WARN_UNUSED_FUNCTION = YES;
				GCC_WARN_UNUSED_VARIABLE = YES;
				LOCALIZATION_PREFERS_STRING_CATALOGS = YES;
				MACOSX_DEPLOYMENT_TARGET = 14.6;
				MTL_ENABLE_DEBUG_INFO = NO;
				MTL_FAST_MATH = YES;
				SDKROOT = macosx;
				STRING_CATALOG_GENERATE_SYMBOLS = YES;
				SWIFT_COMPILATION_MODE = wholemodule;
				SWIFT_VERSION = 6.0;
			};
			name = Release;
		};
		CAF9ECE12E7AFD5F00B085A1 /* Debug */ = {
			isa = XCBuildConfiguration;
			buildSettings = {
				ASSETCATALOG_COMPILER_APPICON_NAME = AppIcon;
				ASSETCATALOG_COMPILER_GLOBAL_ACCENT_COLOR_NAME = AccentColor;
				CODE_SIGN_ENTITLEMENTS = AudioRecorder/Resources/AudioRecorder.entitlements;
				CODE_SIGN_STYLE = Automatic;
				COMBINE_HIDPI_IMAGES = YES;
				CURRENT_PROJECT_VERSION = 1;
				DEAD_CODE_STRIPPING = YES;
				ENABLE_APP_SANDBOX = YES;
				ENABLE_FILE_ACCESS_DOWNLOADS_FOLDER = readwrite;
				ENABLE_PREVIEWS = YES;
				ENABLE_RESOURCE_ACCESS_AUDIO_INPUT = YES;
				ENABLE_USER_SELECTED_FILES = readonly;
				GENERATE_INFOPLIST_FILE = YES;
				INFOPLIST_KEY_NSHumanReadableCopyright = "";
				INFOPLIST_KEY_NSMicrophoneUsageDescription = "We need it";
				LD_RUNPATH_SEARCH_PATHS = (
					"$(inherited)",
					"@executable_path/../Frameworks",
				);
				MARKETING_VERSION = 1.0;
				PRODUCT_BUNDLE_IDENTIFIER = com.huntdigit.AudioRecorder;
				PRODUCT_NAME = "$(TARGET_NAME)";
				REGISTER_APP_GROUPS = YES;
				SWIFT_EMIT_LOC_STRINGS = YES;
				SWIFT_VERSION = 5.0;
			};
			name = Debug;
		};
		CAF9ECE22E7AFD5F00B085A1 /* Release */ = {
			isa = XCBuildConfiguration;
			buildSettings = {
				ASSETCATALOG_COMPILER_APPICON_NAME = AppIcon;
				ASSETCATALOG_COMPILER_GLOBAL_ACCENT_COLOR_NAME = AccentColor;
				CODE_SIGN_ENTITLEMENTS = AudioRecorder/Resources/AudioRecorder.entitlements;
				CODE_SIGN_STYLE = Automatic;
				COMBINE_HIDPI_IMAGES = YES;
				CURRENT_PROJECT_VERSION = 1;
				DEAD_CODE_STRIPPING = YES;
				ENABLE_APP_SANDBOX = YES;
				ENABLE_FILE_ACCESS_DOWNLOADS_FOLDER = readwrite;
				ENABLE_PREVIEWS = YES;
				ENABLE_RESOURCE_ACCESS_AUDIO_INPUT = YES;
				ENABLE_USER_SELECTED_FILES = readonly;
				GENERATE_INFOPLIST_FILE = YES;
				INFOPLIST_KEY_NSHumanReadableCopyright = "";
				INFOPLIST_KEY_NSMicrophoneUsageDescription = "We need it";
				LD_RUNPATH_SEARCH_PATHS = (
					"$(inherited)",
					"@executable_path/../Frameworks",
				);
				MARKETING_VERSION = 1.0;
				PRODUCT_BUNDLE_IDENTIFIER = com.huntdigit.AudioRecorder;
				PRODUCT_NAME = "$(TARGET_NAME)";
				REGISTER_APP_GROUPS = YES;
				SWIFT_EMIT_LOC_STRINGS = YES;
				SWIFT_VERSION = 5.0;
			};
			name = Release;
		};
/* End XCBuildConfiguration section */

/* Begin XCConfigurationList section */
		CAF9ECCF2E7AFD5E00B085A1 /* Build configuration list for PBXProject "AudioRecorder" */ = {
			isa = XCConfigurationList;
			buildConfigurations = (
				CAF9ECDE2E7AFD5F00B085A1 /* Debug */,
				CAF9ECDF2E7AFD5F00B085A1 /* Release */,
			);
			defaultConfigurationIsVisible = 0;
			defaultConfigurationName = Release;
		};
		CAF9ECE02E7AFD5F00B085A1 /* Build configuration list for PBXNativeTarget "AudioRecorder" */ = {
			isa = XCConfigurationList;
			buildConfigurations = (
				CAF9ECE12E7AFD5F00B085A1 /* Debug */,
				CAF9ECE22E7AFD5F00B085A1 /* Release */,
			);
			defaultConfigurationIsVisible = 0;
			defaultConfigurationName = Release;
		};
/* End XCConfigurationList section */
	};
	rootObject = CAF9ECCC2E7AFD5E00B085A1 /* Project object */;
}
